<?xml version="1.0" encoding="utf-8"?>
<Project ToolsVersion="17.0" xmlns="http://schemas.microsoft.com/developer/msbuild/2003">
  <ItemGroup>
    <CustomBuild Include="C:\Users\nima\tmp\cpp\cminus\build\CMakeFiles\d99cd1e8283fed3b7f6dce33b04c8f16\generate.stamp.rule">
      <Filter>CMake Rules</Filter>
    </CustomBuild>
  </ItemGroup>
  <ItemGroup>
    <Filter Include="CMake Rules">
      <UniqueIdentifier>{109DCDD2-89FD-3CF8-9F7C-684AE0567349}</UniqueIdentifier>
    </Filter>
  </ItemGroup>
</Project>
